// !$*UTF8*$!
{
	archiveVersion = 1;
	classes = {
	};
	objectVersion = 56;
	objects = {

/* Begin PBXBuildFile section */
		C610C33C2A2A321C001DE9CE /* StorageManager.swift in Sources */ = {isa = PBXBuildFile; fileRef = C610C33B2A2A321C001DE9CE /* StorageManager.swift */; };
		C610C33E2A2A323E001DE9CE /* DataManager.swift in Sources */ = {isa = PBXBuildFile; fileRef = C610C33D2A2A323E001DE9CE /* DataManager.swift */; };
		C624AAA029F060B900B459C5 /* AppDelegate.swift in Sources */ = {isa = PBXBuildFile; fileRef = C624AA9F29F060B900B459C5 /* AppDelegate.swift */; };
		C624AAA229F060B900B459C5 /* SceneDelegate.swift in Sources */ = {isa = PBXBuildFile; fileRef = C624AAA129F060B900B459C5 /* SceneDelegate.swift */; };
		C624AAA429F060B900B459C5 /* ProductViewController.swift in Sources */ = {isa = PBXBuildFile; fileRef = C624AAA329F060B900B459C5 /* ProductViewController.swift */; };
		C624AAA729F060B900B459C5 /* Main.storyboard in Resources */ = {isa = PBXBuildFile; fileRef = C624AAA529F060B900B459C5 /* Main.storyboard */; };
		C624AAA929F060BA00B459C5 /* Assets.xcassets in Resources */ = {isa = PBXBuildFile; fileRef = C624AAA829F060BA00B459C5 /* Assets.xcassets */; };
		C624AAAC29F060BA00B459C5 /* LaunchScreen.storyboard in Resources */ = {isa = PBXBuildFile; fileRef = C624AAAA29F060BA00B459C5 /* LaunchScreen.storyboard */; };
		C69EDA3D2A293AC90041E5F8 /* ProductsListViewController.swift in Sources */ = {isa = PBXBuildFile; fileRef = C69EDA3C2A293AC90041E5F8 /* ProductsListViewController.swift */; };
		C69EDA3F2A293BD40041E5F8 /* ContactsViewController.swift in Sources */ = {isa = PBXBuildFile; fileRef = C69EDA3E2A293BD40041E5F8 /* ContactsViewController.swift */; };
		C6C58B6E29F317750017AC60 /* Product.swift in Sources */ = {isa = PBXBuildFile; fileRef = C6C58B6D29F317750017AC60 /* Product.swift */; };
/* End PBXBuildFile section */

/* Begin PBXFileReference section */
		C610C33B2A2A321C001DE9CE /* StorageManager.swift */ = {isa = PBXFileReference; lastKnownFileType = sourcecode.swift; path = StorageManager.swift; sourceTree = "<group>"; };
		C610C33D2A2A323E001DE9CE /* DataManager.swift */ = {isa = PBXFileReference; lastKnownFileType = sourcecode.swift; path = DataManager.swift; sourceTree = "<group>"; };
		C624AA9C29F060B900B459C5 /* ThreeSApp.app */ = {isa = PBXFileReference; explicitFileType = wrapper.application; includeInIndex = 0; path = ThreeSApp.app; sourceTree = BUILT_PRODUCTS_DIR; };
		C624AA9F29F060B900B459C5 /* AppDelegate.swift */ = {isa = PBXFileReference; lastKnownFileType = sourcecode.swift; path = AppDelegate.swift; sourceTree = "<group>"; };
		C624AAA129F060B900B459C5 /* SceneDelegate.swift */ = {isa = PBXFileReference; lastKnownFileType = sourcecode.swift; path = SceneDelegate.swift; sourceTree = "<group>"; };
		C624AAA329F060B900B459C5 /* ProductViewController.swift */ = {isa = PBXFileReference; lastKnownFileType = sourcecode.swift; path = ProductViewController.swift; sourceTree = "<group>"; };
		C624AAA629F060B900B459C5 /* Base */ = {isa = PBXFileReference; lastKnownFileType = file.storyboard; name = Base; path = Base.lproj/Main.storyboard; sourceTree = "<group>"; };
		C624AAA829F060BA00B459C5 /* Assets.xcassets */ = {isa = PBXFileReference; lastKnownFileType = folder.assetcatalog; path = Assets.xcassets; sourceTree = "<group>"; };
		C624AAAB29F060BA00B459C5 /* Base */ = {isa = PBXFileReference; lastKnownFileType = file.storyboard; name = Base; path = Base.lproj/LaunchScreen.storyboard; sourceTree = "<group>"; };
		C624AAAD29F060BA00B459C5 /* Info.plist */ = {isa = PBXFileReference; lastKnownFileType = text.plist.xml; path = Info.plist; sourceTree = "<group>"; };
		C69EDA3C2A293AC90041E5F8 /* ProductsListViewController.swift */ = {isa = PBXFileReference; lastKnownFileType = sourcecode.swift; path = ProductsListViewController.swift; sourceTree = "<group>"; };
		C69EDA3E2A293BD40041E5F8 /* ContactsViewController.swift */ = {isa = PBXFileReference; lastKnownFileType = sourcecode.swift; path = ContactsViewController.swift; sourceTree = "<group>"; };
		C6C58B6D29F317750017AC60 /* Product.swift */ = {isa = PBXFileReference; lastKnownFileType = sourcecode.swift; path = Product.swift; sourceTree = "<group>"; };
/* End PBXFileReference section */

/* Begin PBXFrameworksBuildPhase section */
		C624AA9929F060B900B459C5 /* Frameworks */ = {
			isa = PBXFrameworksBuildPhase;
			buildActionMask = 2147483647;
			files = (
			);
			runOnlyForDeploymentPostprocessing = 0;
		};
/* End PBXFrameworksBuildPhase section */

/* Begin PBXGroup section */
		C610C33A2A2A320C001DE9CE /* Services */ = {
			isa = PBXGroup;
			children = (
				C610C33B2A2A321C001DE9CE /* StorageManager.swift */,
				C610C33D2A2A323E001DE9CE /* DataManager.swift */,
			);
			path = Services;
			sourceTree = "<group>";
		};
		C624AA9329F060B900B459C5 = {
			isa = PBXGroup;
			children = (
				C624AA9E29F060B900B459C5 /* ThreeSApp */,
				C624AA9D29F060B900B459C5 /* Products */,
			);
			sourceTree = "<group>";
		};
		C624AA9D29F060B900B459C5 /* Products */ = {
			isa = PBXGroup;
			children = (
				C624AA9C29F060B900B459C5 /* ThreeSApp.app */,
			);
			name = Products;
			sourceTree = "<group>";
		};
		C624AA9E29F060B900B459C5 /* ThreeSApp */ = {
			isa = PBXGroup;
			children = (
				C624AAB329F060D800B459C5 /* Models */,
				C624AAB629F060FE00B459C5 /* ViewControllers */,
				C624AAB529F060F300B459C5 /* Storyboards */,
				C610C33A2A2A320C001DE9CE /* Services */,
				C624AAB429F060E400B459C5 /* App */,
				C624AAA829F060BA00B459C5 /* Assets.xcassets */,
			);
			path = ThreeSApp;
			sourceTree = "<group>";
		};
		C624AAB329F060D800B459C5 /* Models */ = {
			isa = PBXGroup;
			children = (
				C6C58B6D29F317750017AC60 /* Product.swift */,
			);
			path = Models;
			sourceTree = "<group>";
		};
		C624AAB429F060E400B459C5 /* App */ = {
			isa = PBXGroup;
			children = (
				C624AA9F29F060B900B459C5 /* AppDelegate.swift */,
				C624AAA129F060B900B459C5 /* SceneDelegate.swift */,
				C624AAAD29F060BA00B459C5 /* Info.plist */,
			);
			path = App;
			sourceTree = "<group>";
		};
		C624AAB529F060F300B459C5 /* Storyboards */ = {
			isa = PBXGroup;
			children = (
				C624AAA529F060B900B459C5 /* Main.storyboard */,
				C624AAAA29F060BA00B459C5 /* LaunchScreen.storyboard */,
			);
			path = Storyboards;
			sourceTree = "<group>";
		};
		C624AAB629F060FE00B459C5 /* ViewControllers */ = {
			isa = PBXGroup;
			children = (
				C69EDA3C2A293AC90041E5F8 /* ProductsListViewController.swift */,
				C624AAA329F060B900B459C5 /* ProductViewController.swift */,
				C69EDA3E2A293BD40041E5F8 /* ContactsViewController.swift */,
			);
			path = ViewControllers;
			sourceTree = "<group>";
		};
/* End PBXGroup section */

/* Begin PBXNativeTarget section */
		C624AA9B29F060B900B459C5 /* ThreeSApp */ = {
			isa = PBXNativeTarget;
			buildConfigurationList = C624AAB029F060BA00B459C5 /* Build configuration list for PBXNativeTarget "ThreeSApp" */;
			buildPhases = (
				C624AA9829F060B900B459C5 /* Sources */,
				C624AA9929F060B900B459C5 /* Frameworks */,
				C624AA9A29F060B900B459C5 /* Resources */,
			);
			buildRules = (
			);
			dependencies = (
			);
			name = ThreeSApp;
			productName = ThreeSApp;
			productReference = C624AA9C29F060B900B459C5 /* ThreeSApp.app */;
			productType = "com.apple.product-type.application";
		};
/* End PBXNativeTarget section */

/* Begin PBXProject section */
		C624AA9429F060B900B459C5 /* Project object */ = {
			isa = PBXProject;
			attributes = {
				BuildIndependentTargetsInParallel = 1;
				LastSwiftUpdateCheck = 1430;
				LastUpgradeCheck = 1430;
				TargetAttributes = {
					C624AA9B29F060B900B459C5 = {
						CreatedOnToolsVersion = 14.3;
					};
				};
			};
			buildConfigurationList = C624AA9729F060B900B459C5 /* Build configuration list for PBXProject "ThreeSApp" */;
			compatibilityVersion = "Xcode 14.0";
			developmentRegion = en;
			hasScannedForEncodings = 0;
			knownRegions = (
				en,
				Base,
			);
			mainGroup = C624AA9329F060B900B459C5;
			productRefGroup = C624AA9D29F060B900B459C5 /* Products */;
			projectDirPath = "";
			projectRoot = "";
			targets = (
				C624AA9B29F060B900B459C5 /* ThreeSApp */,
			);
		};
/* End PBXProject section */

/* Begin PBXResourcesBuildPhase section */
		C624AA9A29F060B900B459C5 /* Resources */ = {
			isa = PBXResourcesBuildPhase;
			buildActionMask = 2147483647;
			files = (
				C624AAAC29F060BA00B459C5 /* LaunchScreen.storyboard in Resources */,
				C624AAA929F060BA00B459C5 /* Assets.xcassets in Resources */,
				C624AAA729F060B900B459C5 /* Main.storyboard in Resources */,
			);
			runOnlyForDeploymentPostprocessing = 0;
		};
/* End PBXResourcesBuildPhase section */

/* Begin PBXSourcesBuildPhase section */
		C624AA9829F060B900B459C5 /* Sources */ = {
			isa = PBXSourcesBuildPhase;
			buildActionMask = 2147483647;
			files = (
				C624AAA429F060B900B459C5 /* ProductViewController.swift in Sources */,
				C610C33E2A2A323E001DE9CE /* DataManager.swift in Sources */,
				C69EDA3D2A293AC90041E5F8 /* ProductsListViewController.swift in Sources */,
				C6C58B6E29F317750017AC60 /* Product.swift in Sources */,
				C610C33C2A2A321C001DE9CE /* StorageManager.swift in Sources */,
				C624AAA029F060B900B459C5 /* AppDelegate.swift in Sources */,
				C624AAA229F060B900B459C5 /* SceneDelegate.swift in Sources */,
				C69EDA3F2A293BD40041E5F8 /* ContactsViewController.swift in Sources */,
			);
			runOnlyForDeploymentPostprocessing = 0;
		};
/* End PBXSourcesBuildPhase section */

/* Begin PBXVariantGroup section */
		C624AAA529F060B900B459C5 /* Main.storyboard */ = {
			isa = PBXVariantGroup;
			children = (
				C624AAA629F060B900B459C5 /* Base */,
			);
			name = Main.storyboard;
			sourceTree = "<group>";
		};
		C624AAAA29F060BA00B459C5 /* LaunchScreen.storyboard */ = {
			isa = PBXVariantGroup;
			children = (
				C624AAAB29F060BA00B459C5 /* Base */,
			);
			name = LaunchScreen.storyboard;
			sourceTree = "<group>";
		};
/* End PBXVariantGroup section */

/* Begin XCBuildConfiguration section */
		C624AAAE29F060BA00B459C5 /* Debug */ = {
			isa = XCBuildConfiguration;
			buildSettings = {
				ALWAYS_SEARCH_USER_PATHS = NO;
				CLANG_ANALYZER_NONNULL = YES;
				CLANG_ANALYZER_NUMBER_OBJECT_CONVERSION = YES_AGGRESSIVE;
				CLANG_CXX_LANGUAGE_STANDARD = "gnu++20";
				CLANG_ENABLE_MODULES = YES;
				CLANG_ENABLE_OBJC_ARC = YES;
				CLANG_ENABLE_OBJC_WEAK = YES;
				CLANG_WARN_BLOCK_CAPTURE_AUTORELEASING = YES;
				CLANG_WARN_BOOL_CONVERSION = YES;
				CLANG_WARN_COMMA = YES;
				CLANG_WARN_CONSTANT_CONVERSION = YES;
				CLANG_WARN_DEPRECATED_OBJC_IMPLEMENTATIONS = YES;
				CLANG_WARN_DIRECT_OBJC_ISA_USAGE = YES_ERROR;
				CLANG_WARN_DOCUMENTATION_COMMENTS = YES;
				CLANG_WARN_EMPTY_BODY = YES;
				CLANG_WARN_ENUM_CONVERSION = YES;
				CLANG_WARN_INFINITE_RECURSION = YES;
				CLANG_WARN_INT_CONVERSION = YES;
				CLANG_WARN_NON_LITERAL_NULL_CONVERSION = YES;
				CLANG_WARN_OBJC_IMPLICIT_RETAIN_SELF = YES;
				CLANG_WARN_OBJC_LITERAL_CONVERSION = YES;
				CLANG_WARN_OBJC_ROOT_CLASS = YES_ERROR;
				CLANG_WARN_QUOTED_INCLUDE_IN_FRAMEWORK_HEADER = YES;
				CLANG_WARN_RANGE_LOOP_ANALYSIS = YES;
				CLANG_WARN_STRICT_PROTOTYPES = YES;
				CLANG_WARN_SUSPICIOUS_MOVE = YES;
				CLANG_WARN_UNGUARDED_AVAILABILITY = YES_AGGRESSIVE;
				CLANG_WARN_UNREACHABLE_CODE = YES;
				CLANG_WARN__DUPLICATE_METHOD_MATCH = YES;
				COPY_PHASE_STRIP = NO;
				DEBUG_INFORMATION_FORMAT = dwarf;
				ENABLE_STRICT_OBJC_MSGSEND = YES;
				ENABLE_TESTABILITY = YES;
				GCC_C_LANGUAGE_STANDARD = gnu11;
				GCC_DYNAMIC_NO_PIC = NO;
				GCC_NO_COMMON_BLOCKS = YES;
				GCC_OPTIMIZATION_LEVEL = 0;
				GCC_PREPROCESSOR_DEFINITIONS = (
					"DEBUG=1",
					"$(inherited)",
				);
				GCC_WARN_64_TO_32_BIT_CONVERSION = YES;
				GCC_WARN_ABOUT_RETURN_TYPE = YES_ERROR;
				GCC_WARN_UNDECLARED_SELECTOR = YES;
				GCC_WARN_UNINITIALIZED_AUTOS = YES_AGGRESSIVE;
				GCC_WARN_UNUSED_FUNCTION = YES;
				GCC_WARN_UNUSED_VARIABLE = YES;
				IPHONEOS_DEPLOYMENT_TARGET = 16.4;
				MTL_ENABLE_DEBUG_INFO = INCLUDE_SOURCE;
				MTL_FAST_MATH = YES;
				ONLY_ACTIVE_ARCH = YES;
				SDKROOT = iphoneos;
				SWIFT_ACTIVE_COMPILATION_CONDITIONS = DEBUG;
				SWIFT_OPTIMIZATION_LEVEL = "-Onone";
			};
			name = Debug;
		};
		C624AAAF29F060BA00B459C5 /* Release */ = {
			isa = XCBuildConfiguration;
			buildSettings = {
				ALWAYS_SEARCH_USER_PATHS = NO;
				CLANG_ANALYZER_NONNULL = YES;
				CLANG_ANALYZER_NUMBER_OBJECT_CONVERSION = YES_AGGRESSIVE;
				CLANG_CXX_LANGUAGE_STANDARD = "gnu++20";
				CLANG_ENABLE_MODULES = YES;
				CLANG_ENABLE_OBJC_ARC = YES;
				CLANG_ENABLE_OBJC_WEAK = YES;
				CLANG_WARN_BLOCK_CAPTURE_AUTORELEASING = YES;
				CLANG_WARN_BOOL_CONVERSION = YES;
				CLANG_WARN_COMMA = YES;
				CLANG_WARN_CONSTANT_CONVERSION = YES;
				CLANG_WARN_DEPRECATED_OBJC_IMPLEMENTATIONS = YES;
				CLANG_WARN_DIRECT_OBJC_ISA_USAGE = YES_ERROR;
				CLANG_WARN_DOCUMENTATION_COMMENTS = YES;
				CLANG_WARN_EMPTY_BODY = YES;
				CLANG_WARN_ENUM_CONVERSION = YES;
				CLANG_WARN_INFINITE_RECURSION = YES;
				CLANG_WARN_INT_CONVERSION = YES;
				CLANG_WARN_NON_LITERAL_NULL_CONVERSION = YES;
				CLANG_WARN_OBJC_IMPLICIT_RETAIN_SELF = YES;
				CLANG_WARN_OBJC_LITERAL_CONVERSION = YES;
				CLANG_WARN_OBJC_ROOT_CLASS = YES_ERROR;
				CLANG_WARN_QUOTED_INCLUDE_IN_FRAMEWORK_HEADER = YES;
				CLANG_WARN_RANGE_LOOP_ANALYSIS = YES;
				CLANG_WARN_STRICT_PROTOTYPES = YES;
				CLANG_WARN_SUSPICIOUS_MOVE = YES;
				CLANG_WARN_UNGUARDED_AVAILABILITY = YES_AGGRESSIVE;
				CLANG_WARN_UNREACHABLE_CODE = YES;
				CLANG_WARN__DUPLICATE_METHOD_MATCH = YES;
				COPY_PHASE_STRIP = NO;
				DEBUG_INFORMATION_FORMAT = "dwarf-with-dsym";
				ENABLE_NS_ASSERTIONS = NO;
				ENABLE_STRICT_OBJC_MSGSEND = YES;
				GCC_C_LANGUAGE_STANDARD = gnu11;
				GCC_NO_COMMON_BLOCKS = YES;
				GCC_WARN_64_TO_32_BIT_CONVERSION = YES;
				GCC_WARN_ABOUT_RETURN_TYPE = YES_ERROR;
				GCC_WARN_UNDECLARED_SELECTOR = YES;
				GCC_WARN_UNINITIALIZED_AUTOS = YES_AGGRESSIVE;
				GCC_WARN_UNUSED_FUNCTION = YES;
				GCC_WARN_UNUSED_VARIABLE = YES;
				IPHONEOS_DEPLOYMENT_TARGET = 16.4;
				MTL_ENABLE_DEBUG_INFO = NO;
				MTL_FAST_MATH = YES;
				SDKROOT = iphoneos;
				SWIFT_COMPILATION_MODE = wholemodule;
				SWIFT_OPTIMIZATION_LEVEL = "-O";
				VALIDATE_PRODUCT = YES;
			};
			name = Release;
		};
		C624AAB129F060BA00B459C5 /* Debug */ = {
			isa = XCBuildConfiguration;
			buildSettings = {
				ASSETCATALOG_COMPILER_APPICON_NAME = AppIcon;
				ASSETCATALOG_COMPILER_GLOBAL_ACCENT_COLOR_NAME = AccentColor;
				CODE_SIGN_STYLE = Automatic;
				CURRENT_PROJECT_VERSION = 1;
				DEVELOPMENT_TEAM = W83LB3ZRMV;
				GENERATE_INFOPLIST_FILE = YES;
				INFOPLIST_FILE = ThreeSApp/App/Info.plist;
				INFOPLIST_KEY_CFBundleDisplayName = "ТРИ С";
				INFOPLIST_KEY_UIApplicationSupportsIndirectInputEvents = YES;
				INFOPLIST_KEY_UILaunchStoryboardName = LaunchScreen;
				INFOPLIST_KEY_UIMainStoryboardFile = Main;
				INFOPLIST_KEY_UIStatusBarStyle = UIStatusBarStyleDarkContent;
				INFOPLIST_KEY_UISupportedInterfaceOrientations = UIInterfaceOrientationPortrait;
				INFOPLIST_KEY_UISupportedInterfaceOrientations_iPad = "UIInterfaceOrientationLandscapeLeft UIInterfaceOrientationLandscapeRight UIInterfaceOrientationPortrait UIInterfaceOrientationPortraitUpsideDown";
				IPHONEOS_DEPLOYMENT_TARGET = 14.0;
				LD_RUNPATH_SEARCH_PATHS = (
					"$(inherited)",
					"@executable_path/Frameworks",
				);
				MARKETING_VERSION = 1.0;
				PRODUCT_BUNDLE_IDENTIFIER = com.lashin.ThreeSApp;
				PRODUCT_NAME = "$(TARGET_NAME)";
				SUPPORTED_PLATFORMS = "iphoneos iphonesimulator";
				SUPPORTS_MACCATALYST = NO;
				SUPPORTS_MAC_DESIGNED_FOR_IPHONE_IPAD = NO;
				SWIFT_EMIT_LOC_STRINGS = YES;
				SWIFT_VERSION = 5.0;
				TARGETED_DEVICE_FAMILY = 1;
			};
			name = Debug;
		};
		C624AAB229F060BA00B459C5 /* Release */ = {
			isa = XCBuildConfiguration;
			buildSettings = {
				ASSETCATALOG_COMPILER_APPICON_NAME = AppIcon;
				ASSETCATALOG_COMPILER_GLOBAL_ACCENT_COLOR_NAME = AccentColor;
				CODE_SIGN_STYLE = Automatic;
				CURRENT_PROJECT_VERSION = 1;
				DEVELOPMENT_TEAM = W83LB3ZRMV;
				GENERATE_INFOPLIST_FILE = YES;
				INFOPLIST_FILE = ThreeSApp/App/Info.plist;
				INFOPLIST_KEY_CFBundleDisplayName = "ТРИ С";
				INFOPLIST_KEY_UIApplicationSupportsIndirectInputEvents = YES;
				INFOPLIST_KEY_UILaunchStoryboardName = LaunchScreen;
				INFOPLIST_KEY_UIMainStoryboardFile = Main;
				INFOPLIST_KEY_UIStatusBarStyle = UIStatusBarStyleDarkContent;
				INFOPLIST_KEY_UISupportedInterfaceOrientations = UIInterfaceOrientationPortrait;
				INFOPLIST_KEY_UISupportedInterfaceOrientations_iPad = "UIInterfaceOrientationLandscapeLeft UIInterfaceOrientationLandscapeRight UIInterfaceOrientationPortrait UIInterfaceOrientationPortraitUpsideDown";
				IPHONEOS_DEPLOYMENT_TARGET = 14.0;
				LD_RUNPATH_SEARCH_PATHS = (
					"$(inherited)",
					"@executable_path/Frameworks",
				);
				MARKETING_VERSION = 1.0;
				PRODUCT_BUNDLE_IDENTIFIER = com.lashin.ThreeSApp;
				PRODUCT_NAME = "$(TARGET_NAME)";
				SUPPORTED_PLATFORMS = "iphoneos iphonesimulator";
				SUPPORTS_MACCATALYST = NO;
				SUPPORTS_MAC_DESIGNED_FOR_IPHONE_IPAD = NO;
				SWIFT_EMIT_LOC_STRINGS = YES;
				SWIFT_VERSION = 5.0;
				TARGETED_DEVICE_FAMILY = 1;
			};
			name = Release;
		};
/* End XCBuildConfiguration section */

/* Begin XCConfigurationList section */
		C624AA9729F060B900B459C5 /* Build configuration list for PBXProject "ThreeSApp" */ = {
			isa = XCConfigurationList;
			buildConfigurations = (
				C624AAAE29F060BA00B459C5 /* Debug */,
				C624AAAF29F060BA00B459C5 /* Release */,
			);
			defaultConfigurationIsVisible = 0;
			defaultConfigurationName = Release;
		};
		C624AAB029F060BA00B459C5 /* Build configuration list for PBXNativeTarget "ThreeSApp" */ = {
			isa = XCConfigurationList;
			buildConfigurations = (
				C624AAB129F060BA00B459C5 /* Debug */,
				C624AAB229F060BA00B459C5 /* Release */,
			);
			defaultConfigurationIsVisible = 0;
			defaultConfigurationName = Release;
		};
/* End XCConfigurationList section */
	};
	rootObject = C624AA9429F060B900B459C5 /* Project object */;
}
